
Microsoft Visual Studio Solution File, Format Version 12.00
# Visual Studio 2012
Project("{8BC9CEB8-8B4A-11D0-8D11-00A0C91BC942}") = "HW4", "HW4\HW4.vcxproj", "{B40B05D8-45E7-4029-B0DF-D56C1C6E3C74}"
EndProject
Global
	GlobalSection(SolutionConfigurationPlatforms) = preSolution
		Debug|Win32 = Debug|Win32
		Release|Win32 = Release|Win32
	EndGlobalSection
	GlobalSection(ProjectConfigurationPlatforms) = postSolution
		{B40B05D8-45E7-4029-B0DF-D56C1C6E3C74}.Debug|Win32.ActiveCfg = Debug|Win32
		{B40B05D8-45E7-4029-B0DF-D56C1C6E3C74}.Debug|Win32.Build.0 = Debug|Win32
		{B40B05D8-45E7-4029-B0DF-D56C1C6E3C74}.Release|Win32.ActiveCfg = Release|Win32
		{B40B05D8-45E7-4029-B0DF-D56C1C6E3C74}.Release|Win32.Build.0 = Release|Win32
	EndGlobalSection
	GlobalSection(SolutionProperties) = preSolution
		HideSolutionNode = FALSE
	EndGlobalSection
EndGlobal
